
Microsoft Visual Studio Solution File, Format Version 12.00
# Visual Studio Version 16
VisualStudioVersion = 16.0.28803.352
MinimumVisualStudioVersion = 10.0.40219.1
Project("{FAE04EC0-301F-11D3-BF4B-00C04F79EFBC}") = "PresentationLayer", "Skyfskiet\PresentationLayer.csproj", "{BA8C36C1-CBD0-4AB7-8227-67A6D1E5852C}"
EndProject
Project("{FAE04EC0-301F-11D3-BF4B-00C04F79EFBC}") = "DataAccessLayer", "DataHandler\DataAccessLayer.csproj", "{168FD82F-E3E5-4E11-8B43-A63AA116273E}"
EndProject
Project("{FAE04EC0-301F-11D3-BF4B-00C04F79EFBC}") = "BusinessLogicLayer", "BusinessLogic\BusinessLogicLayer.csproj", "{52904A20-6958-4D01-B3E1-4131D5227624}"
EndProject
Global
	GlobalSection(SolutionConfigurationPlatforms) = preSolution
		Debug|Any CPU = Debug|Any CPU
		Release|Any CPU = Release|Any CPU
	EndGlobalSection
	GlobalSection(ProjectConfigurationPlatforms) = postSolution
		{BA8C36C1-CBD0-4AB7-8227-67A6D1E5852C}.Debug|Any CPU.ActiveCfg = Debug|Any CPU
		{BA8C36C1-CBD0-4AB7-8227-67A6D1E5852C}.Debug|Any CPU.Build.0 = Debug|Any CPU
		{BA8C36C1-CBD0-4AB7-8227-67A6D1E5852C}.Release|Any CPU.ActiveCfg = Release|Any CPU
		{BA8C36C1-CBD0-4AB7-8227-67A6D1E5852C}.Release|Any CPU.Build.0 = Release|Any CPU
		{168FD82F-E3E5-4E11-8B43-A63AA116273E}.Debug|Any CPU.ActiveCfg = Debug|Any CPU
		{168FD82F-E3E5-4E11-8B43-A63AA116273E}.Debug|Any CPU.Build.0 = Debug|Any CPU
		{168FD82F-E3E5-4E11-8B43-A63AA116273E}.Release|Any CPU.ActiveCfg = Release|Any CPU
		{168FD82F-E3E5-4E11-8B43-A63AA116273E}.Release|Any CPU.Build.0 = Release|Any CPU
		{52904A20-6958-4D01-B3E1-4131D5227624}.Debug|Any CPU.ActiveCfg = Debug|Any CPU
		{52904A20-6958-4D01-B3E1-4131D5227624}.Debug|Any CPU.Build.0 = Debug|Any CPU
		{52904A20-6958-4D01-B3E1-4131D5227624}.Release|Any CPU.ActiveCfg = Release|Any CPU
		{52904A20-6958-4D01-B3E1-4131D5227624}.Release|Any CPU.Build.0 = Release|Any CPU
	EndGlobalSection
	GlobalSection(SolutionProperties) = preSolution
		HideSolutionNode = FALSE
	EndGlobalSection
	GlobalSection(ExtensibilityGlobals) = postSolution
		SolutionGuid = {4D23EF9E-B850-4FE6-862D-5B61E4B30AEF}
	EndGlobalSection
EndGlobal
